
Microsoft Visual Studio Solution File, Format Version 12.00
# Visual Studio 2013
VisualStudioVersion = 12.0.31101.0
MinimumVisualStudioVersion = 10.0.40219.1
Project("{FAE04EC0-301F-11D3-BF4B-00C04F79EFBC}") = "WinningEdge", "WinningEdge\WinningEdge.csproj", "{42BA81CA-B158-42AC-912B-614819FC3C85}"
EndProject
Project("{2150E333-8FDC-42A3-9474-1A3956D46DE8}") = "WinningEdge", "WinningEdge", "{F434E4AA-502D-4C92-9B37-D574C02FA054}"
EndProject
Project("{D954291E-2A0B-460D-934E-DC6B0785DB48}") = "WinningEdge.Shared", "WinningEdge.Shared\WinningEdge.Shared.shproj", "{7A2A5C6E-3045-4753-A677-777AA6E26A8D}"
EndProject
Project("{FAE04EC0-301F-11D3-BF4B-00C04F79EFBC}") = "WinningEdge.WindowsPhone", "WinningEdge.WindowsPhone\WinningEdge.WindowsPhone.csproj", "{72D786C6-2D6B-4231-AF8B-C297CAA81B3C}"
EndProject
Project("{FAE04EC0-301F-11D3-BF4B-00C04F79EFBC}") = "WEapi", "WEapi\WEapi.csproj", "{890AE21C-A49D-4DC1-9F55-E732D9C2B7CB}"
EndProject
Global
	GlobalSection(SharedMSBuildProjectFiles) = preSolution
		WinningEdge.Shared\WinningEdge.Shared.projitems*{42ba81ca-b158-42ac-912b-614819fc3c85}*SharedItemsImports = 4
		WinningEdge.Shared\WinningEdge.Shared.projitems*{72d786c6-2d6b-4231-af8b-c297caa81b3c}*SharedItemsImports = 4
		WinningEdge.Shared\WinningEdge.Shared.projitems*{7a2a5c6e-3045-4753-a677-777aa6e26a8d}*SharedItemsImports = 13
	EndGlobalSection
	GlobalSection(SolutionConfigurationPlatforms) = preSolution
		Debug|Any CPU = Debug|Any CPU
		Debug|ARM = Debug|ARM
		Debug|x64 = Debug|x64
		Debug|x86 = Debug|x86
		Release|Any CPU = Release|Any CPU
		Release|ARM = Release|ARM
		Release|x64 = Release|x64
		Release|x86 = Release|x86
	EndGlobalSection
	GlobalSection(ProjectConfigurationPlatforms) = postSolution
		{42BA81CA-B158-42AC-912B-614819FC3C85}.Debug|Any CPU.ActiveCfg = Debug|Any CPU
		{42BA81CA-B158-42AC-912B-614819FC3C85}.Debug|Any CPU.Build.0 = Debug|Any CPU
		{42BA81CA-B158-42AC-912B-614819FC3C85}.Debug|Any CPU.Deploy.0 = Debug|Any CPU
		{42BA81CA-B158-42AC-912B-614819FC3C85}.Debug|ARM.ActiveCfg = Debug|ARM
		{42BA81CA-B158-42AC-912B-614819FC3C85}.Debug|ARM.Build.0 = Debug|ARM
		{42BA81CA-B158-42AC-912B-614819FC3C85}.Debug|ARM.Deploy.0 = Debug|ARM
		{42BA81CA-B158-42AC-912B-614819FC3C85}.Debug|x64.ActiveCfg = Debug|x64
		{42BA81CA-B158-42AC-912B-614819FC3C85}.Debug|x64.Build.0 = Debug|x64
		{42BA81CA-B158-42AC-912B-614819FC3C85}.Debug|x64.Deploy.0 = Debug|x64
		{42BA81CA-B158-42AC-912B-614819FC3C85}.Debug|x86.ActiveCfg = Debug|x86
		{42BA81CA-B158-42AC-912B-614819FC3C85}.Debug|x86.Build.0 = Debug|x86
		{42BA81CA-B158-42AC-912B-614819FC3C85}.Debug|x86.Deploy.0 = Debug|x86
		{42BA81CA-B158-42AC-912B-614819FC3C85}.Release|Any CPU.ActiveCfg = Release|Any CPU
		{42BA81CA-B158-42AC-912B-614819FC3C85}.Release|Any CPU.Build.0 = Release|Any CPU
		{42BA81CA-B158-42AC-912B-614819FC3C85}.Release|Any CPU.Deploy.0 = Release|Any CPU
		{42BA81CA-B158-42AC-912B-614819FC3C85}.Release|ARM.ActiveCfg = Release|ARM
		{42BA81CA-B158-42AC-912B-614819FC3C85}.Release|ARM.Build.0 = Release|ARM
		{42BA81CA-B158-42AC-912B-614819FC3C85}.Release|ARM.Deploy.0 = Release|ARM
		{42BA81CA-B158-42AC-912B-614819FC3C85}.Release|x64.ActiveCfg = Release|x64
		{42BA81CA-B158-42AC-912B-614819FC3C85}.Release|x64.Build.0 = Release|x64
		{42BA81CA-B158-42AC-912B-614819FC3C85}.Release|x64.Deploy.0 = Release|x64
		{42BA81CA-B158-42AC-912B-614819FC3C85}.Release|x86.ActiveCfg = Release|x86
		{42BA81CA-B158-42AC-912B-614819FC3C85}.Release|x86.Build.0 = Release|x86
		{42BA81CA-B158-42AC-912B-614819FC3C85}.Release|x86.Deploy.0 = Release|x86
		{72D786C6-2D6B-4231-AF8B-C297CAA81B3C}.Debug|Any CPU.ActiveCfg = Debug|Any CPU
		{72D786C6-2D6B-4231-AF8B-C297CAA81B3C}.Debug|Any CPU.Build.0 = Debug|Any CPU
		{72D786C6-2D6B-4231-AF8B-C297CAA81B3C}.Debug|Any CPU.Deploy.0 = Debug|Any CPU
		{72D786C6-2D6B-4231-AF8B-C297CAA81B3C}.Debug|ARM.ActiveCfg = Debug|ARM
		{72D786C6-2D6B-4231-AF8B-C297CAA81B3C}.Debug|ARM.Build.0 = Debug|ARM
		{72D786C6-2D6B-4231-AF8B-C297CAA81B3C}.Debug|ARM.Deploy.0 = Debug|ARM
		{72D786C6-2D6B-4231-AF8B-C297CAA81B3C}.Debug|x64.ActiveCfg = Debug|Any CPU
		{72D786C6-2D6B-4231-AF8B-C297CAA81B3C}.Debug|x86.ActiveCfg = Debug|x86
		{72D786C6-2D6B-4231-AF8B-C297CAA81B3C}.Debug|x86.Build.0 = Debug|x86
		{72D786C6-2D6B-4231-AF8B-C297CAA81B3C}.Debug|x86.Deploy.0 = Debug|x86
		{72D786C6-2D6B-4231-AF8B-C297CAA81B3C}.Release|Any CPU.ActiveCfg = Release|Any CPU
		{72D786C6-2D6B-4231-AF8B-C297CAA81B3C}.Release|Any CPU.Build.0 = Release|Any CPU
		{72D786C6-2D6B-4231-AF8B-C297CAA81B3C}.Release|Any CPU.Deploy.0 = Release|Any CPU
		{72D786C6-2D6B-4231-AF8B-C297CAA81B3C}.Release|ARM.ActiveCfg = Release|ARM
		{72D786C6-2D6B-4231-AF8B-C297CAA81B3C}.Release|ARM.Build.0 = Release|ARM
		{72D786C6-2D6B-4231-AF8B-C297CAA81B3C}.Release|ARM.Deploy.0 = Release|ARM
		{72D786C6-2D6B-4231-AF8B-C297CAA81B3C}.Release|x64.ActiveCfg = Release|Any CPU
		{72D786C6-2D6B-4231-AF8B-C297CAA81B3C}.Release|x86.ActiveCfg = Release|x86
		{72D786C6-2D6B-4231-AF8B-C297CAA81B3C}.Release|x86.Build.0 = Release|x86
		{72D786C6-2D6B-4231-AF8B-C297CAA81B3C}.Release|x86.Deploy.0 = Release|x86
		{890AE21C-A49D-4DC1-9F55-E732D9C2B7CB}.Debug|Any CPU.ActiveCfg = Debug|Any CPU
		{890AE21C-A49D-4DC1-9F55-E732D9C2B7CB}.Debug|Any CPU.Build.0 = Debug|Any CPU
		{890AE21C-A49D-4DC1-9F55-E732D9C2B7CB}.Debug|ARM.ActiveCfg = Debug|Any CPU
		{890AE21C-A49D-4DC1-9F55-E732D9C2B7CB}.Debug|x64.ActiveCfg = Debug|Any CPU
		{890AE21C-A49D-4DC1-9F55-E732D9C2B7CB}.Debug|x86.ActiveCfg = Debug|Any CPU
		{890AE21C-A49D-4DC1-9F55-E732D9C2B7CB}.Release|Any CPU.ActiveCfg = Release|Any CPU
		{890AE21C-A49D-4DC1-9F55-E732D9C2B7CB}.Release|Any CPU.Build.0 = Release|Any CPU
		{890AE21C-A49D-4DC1-9F55-E732D9C2B7CB}.Release|ARM.ActiveCfg = Release|Any CPU
		{890AE21C-A49D-4DC1-9F55-E732D9C2B7CB}.Release|x64.ActiveCfg = Release|Any CPU
		{890AE21C-A49D-4DC1-9F55-E732D9C2B7CB}.Release|x86.ActiveCfg = Release|Any CPU
	EndGlobalSection
	GlobalSection(SolutionProperties) = preSolution
		HideSolutionNode = FALSE
	EndGlobalSection
	GlobalSection(NestedProjects) = preSolution
		{42BA81CA-B158-42AC-912B-614819FC3C85} = {F434E4AA-502D-4C92-9B37-D574C02FA054}
		{7A2A5C6E-3045-4753-A677-777AA6E26A8D} = {F434E4AA-502D-4C92-9B37-D574C02FA054}
		{72D786C6-2D6B-4231-AF8B-C297CAA81B3C} = {F434E4AA-502D-4C92-9B37-D574C02FA054}
		{890AE21C-A49D-4DC1-9F55-E732D9C2B7CB} = {F434E4AA-502D-4C92-9B37-D574C02FA054}
	EndGlobalSection
EndGlobal
